
Microsoft Visual Studio Solution File, Format Version 12.00
# Visual Studio 15
VisualStudioVersion = 15.0.27428.2037
MinimumVisualStudioVersion = 10.0.40219.1
Project("{FAE04EC0-301F-11D3-BF4B-00C04F79EFBC}") = "PipefyChallenge", "PipefyChallenge\PipefyChallenge.csproj", "{EE951574-0A4E-4448-9CE7-55CFAF083B43}"
EndProject
Global
	GlobalSection(SolutionConfigurationPlatforms) = preSolution
		Debug|Any CPU = Debug|Any CPU
		Release|Any CPU = Release|Any CPU
	EndGlobalSection
	GlobalSection(ProjectConfigurationPlatforms) = postSolution
		{EE951574-0A4E-4448-9CE7-55CFAF083B43}.Debug|Any CPU.ActiveCfg = Debug|Any CPU
		{EE951574-0A4E-4448-9CE7-55CFAF083B43}.Debug|Any CPU.Build.0 = Debug|Any CPU
		{EE951574-0A4E-4448-9CE7-55CFAF083B43}.Release|Any CPU.ActiveCfg = Release|Any CPU
		{EE951574-0A4E-4448-9CE7-55CFAF083B43}.Release|Any CPU.Build.0 = Release|Any CPU
	EndGlobalSection
	GlobalSection(SolutionProperties) = preSolution
		HideSolutionNode = FALSE
	EndGlobalSection
	GlobalSection(ExtensibilityGlobals) = postSolution
		SolutionGuid = {A11EB2CF-4EEB-40C6-A3D9-D2F7133B1EAA}
	EndGlobalSection
EndGlobal
